
Microsoft Visual Studio Solution File, Format Version 12.00
# Visual Studio Version 17
VisualStudioVersion = 17.9.34902.65
MinimumVisualStudioVersion = 10.0.40219.1
Project("{FAE04EC0-301F-11D3-BF4B-00C04F79EFBC}") = "JsonExtractingTestingProc", "JsonExtractingTestingProc\JsonExtractingTestingProc.csproj", "{66F529CF-C4CD-4218-B5FD-8806FB0FA991}"
EndProject
Global
	GlobalSection(SolutionConfigurationPlatforms) = preSolution
		Debug|Any CPU = Debug|Any CPU
		Release|Any CPU = Release|Any CPU
	EndGlobalSection
	GlobalSection(ProjectConfigurationPlatforms) = postSolution
		{66F529CF-C4CD-4218-B5FD-8806FB0FA991}.Debug|Any CPU.ActiveCfg = Debug|Any CPU
		{66F529CF-C4CD-4218-B5FD-8806FB0FA991}.Debug|Any CPU.Build.0 = Debug|Any CPU
		{66F529CF-C4CD-4218-B5FD-8806FB0FA991}.Release|Any CPU.ActiveCfg = Release|Any CPU
		{66F529CF-C4CD-4218-B5FD-8806FB0FA991}.Release|Any CPU.Build.0 = Release|Any CPU
	EndGlobalSection
	GlobalSection(SolutionProperties) = preSolution
		HideSolutionNode = FALSE
	EndGlobalSection
	GlobalSection(ExtensibilityGlobals) = postSolution
		SolutionGuid = {62D39D74-6455-4116-A074-74DFB1B734A7}
	EndGlobalSection
EndGlobal
